
Microsoft Visual Studio Solution File, Format Version 12.00
# Visual Studio Version 16
VisualStudioVersion = 16.0.31313.79
MinimumVisualStudioVersion = 10.0.40219.1
Project("{FAE04EC0-301F-11D3-BF4B-00C04F79EFBC}") = "AnalogueAngle", "AnalogueAngle\AnalogueAngle.csproj", "{0B0F1C6E-3338-4E3E-957E-B90A3860E708}"
EndProject
Global
	GlobalSection(SolutionConfigurationPlatforms) = preSolution
		Debug|Any CPU = Debug|Any CPU
		Release|Any CPU = Release|Any CPU
	EndGlobalSection
	GlobalSection(ProjectConfigurationPlatforms) = postSolution
		{0B0F1C6E-3338-4E3E-957E-B90A3860E708}.Debug|Any CPU.ActiveCfg = Debug|Any CPU
		{0B0F1C6E-3338-4E3E-957E-B90A3860E708}.Debug|Any CPU.Build.0 = Debug|Any CPU
		{0B0F1C6E-3338-4E3E-957E-B90A3860E708}.Release|Any CPU.ActiveCfg = Release|Any CPU
		{0B0F1C6E-3338-4E3E-957E-B90A3860E708}.Release|Any CPU.Build.0 = Release|Any CPU
	EndGlobalSection
	GlobalSection(SolutionProperties) = preSolution
		HideSolutionNode = FALSE
	EndGlobalSection
	GlobalSection(ExtensibilityGlobals) = postSolution
		SolutionGuid = {BBAB3784-5AA1-4D99-BDA4-CDCC7251F14E}
	EndGlobalSection
EndGlobal
